<?xml version="1.0" encoding="utf-8"?>
<Project ToolsVersion="4.0" xmlns="http://schemas.microsoft.com/developer/msbuild/2003">
  <ItemGroup>
    <Filter Include="Hanzo">
      <UniqueIdentifier>{45F94C0D-B10D-75BE-7A8F-181EE66271EF}</UniqueIdentifier>
    </Filter>
    <Filter Include="Hanzo\Events">
      <UniqueIdentifier>{89E50E21-7548-9EC5-1ECE-D67B0A106A48}</UniqueIdentifier>
    </Filter>
  </ItemGroup>
  <ItemGroup>
    <ClInclude Include="src\Hanzo.h" />
    <ClInclude Include="src\Hanzo\Application.h">
      <Filter>Hanzo</Filter>
    </ClInclude>
    <ClInclude Include="src\Hanzo\Core.h">
      <Filter>Hanzo</Filter>
    </ClInclude>
    <ClInclude Include="src\Hanzo\EntryPoint.h">
      <Filter>Hanzo</Filter>
    </ClInclude>
    <ClInclude Include="src\Hanzo\Events\ApplicationEvent.h">
      <Filter>Hanzo\Events</Filter>
    </ClInclude>
    <ClInclude Include="src\Hanzo\Events\Event.h">
      <Filter>Hanzo\Events</Filter>
    </ClInclude>
    <ClInclude Include="src\Hanzo\Events\KeyEvent.h">
      <Filter>Hanzo\Events</Filter>
    </ClInclude>
    <ClInclude Include="src\Hanzo\Events\MouseEvent.h">
      <Filter>Hanzo\Events</Filter>
    </ClInclude>
    <ClInclude Include="src\Hanzo\Log.h">
      <Filter>Hanzo</Filter>
    </ClInclude>
    <ClInclude Include="src\hzpch.h" />
  </ItemGroup>
  <ItemGroup>
    <ClCompile Include="src\Hanzo\Application.cpp">
      <Filter>Hanzo</Filter>
    </ClCompile>
    <ClCompile Include="src\Hanzo\Log.cpp">
      <Filter>Hanzo</Filter>
    </ClCompile>
    <ClCompile Include="src\hzpch.cpp" />
  </ItemGroup>
</Project>